// !$*UTF8*$!
{
	archiveVersion = 1;
	classes = {
	};
	objectVersion = 50;
	objects = {

/* Begin PBXBuildFile section */
		58D6A8B5E7E54494B03A6FD9 /* Pods_PSST_Tests.framework in Frameworks */ = {isa = PBXBuildFile; fileRef = B278B31601038B58BAF53F4C /* Pods_PSST_Tests.framework */; };
		7859A7A06B283E105E5B112B /* Pods_PSST_.framework in Frameworks */ = {isa = PBXBuildFile; fileRef = 417EC6F9FAAA05B9542C1D20 /* Pods_PSST_.framework */; };
		E9F052B822320BEF00ACC0B3 /* AppDelegate.swift in Sources */ = {isa = PBXBuildFile; fileRef = E9F052B722320BEF00ACC0B3 /* AppDelegate.swift */; };
		E9F052BD22320BEF00ACC0B3 /* Main.storyboard in Resources */ = {isa = PBXBuildFile; fileRef = E9F052BB22320BEF00ACC0B3 /* Main.storyboard */; };
		E9F052BF22320BF000ACC0B3 /* Assets.xcassets in Resources */ = {isa = PBXBuildFile; fileRef = E9F052BE22320BF000ACC0B3 /* Assets.xcassets */; };
		E9F052C222320BF000ACC0B3 /* LaunchScreen.storyboard in Resources */ = {isa = PBXBuildFile; fileRef = E9F052C022320BF000ACC0B3 /* LaunchScreen.storyboard */; };
		E9F052CD22320BF000ACC0B3 /* PSST_Tests.swift in Sources */ = {isa = PBXBuildFile; fileRef = E9F052CC22320BF000ACC0B3 /* PSST_Tests.swift */; };
		E9F052D822320BF000ACC0B3 /* PSST_UITests.swift in Sources */ = {isa = PBXBuildFile; fileRef = E9F052D722320BF000ACC0B3 /* PSST_UITests.swift */; };
		E9F052E62232112400ACC0B3 /* LoginViewController.swift in Sources */ = {isa = PBXBuildFile; fileRef = E9F052E52232112400ACC0B3 /* LoginViewController.swift */; };
		E9F052E822321B4700ACC0B3 /* FeedViewController.swift in Sources */ = {isa = PBXBuildFile; fileRef = E9F052E722321B4700ACC0B3 /* FeedViewController.swift */; };
		E9F052EA22322ACB00ACC0B3 /* PostCell.swift in Sources */ = {isa = PBXBuildFile; fileRef = E9F052E922322ACB00ACC0B3 /* PostCell.swift */; };
		FC663B64BB21AB21157E0753 /* Pods_PSST_UITests.framework in Frameworks */ = {isa = PBXBuildFile; fileRef = 1B378F4D2317CA14EAAACDBA /* Pods_PSST_UITests.framework */; };
/* End PBXBuildFile section */

/* Begin PBXContainerItemProxy section */
		E9F052C922320BF000ACC0B3 /* PBXContainerItemProxy */ = {
			isa = PBXContainerItemProxy;
			containerPortal = E9F052AC22320BEF00ACC0B3 /* Project object */;
			proxyType = 1;
			remoteGlobalIDString = E9F052B322320BEF00ACC0B3;
			remoteInfo = "PSST!";
		};
		E9F052D422320BF000ACC0B3 /* PBXContainerItemProxy */ = {
			isa = PBXContainerItemProxy;
			containerPortal = E9F052AC22320BEF00ACC0B3 /* Project object */;
			proxyType = 1;
			remoteGlobalIDString = E9F052B322320BEF00ACC0B3;
			remoteInfo = "PSST!";
		};
/* End PBXContainerItemProxy section */

/* Begin PBXFileReference section */
		13CE2ABFC5C1A403840F9958 /* Pods-PSST!UITests.release.xcconfig */ = {isa = PBXFileReference; includeInIndex = 1; lastKnownFileType = text.xcconfig; name = "Pods-PSST!UITests.release.xcconfig"; path = "Pods/Target Support Files/Pods-PSST!UITests/Pods-PSST!UITests.release.xcconfig"; sourceTree = "<group>"; };
		1B378F4D2317CA14EAAACDBA /* Pods_PSST_UITests.framework */ = {isa = PBXFileReference; explicitFileType = wrapper.framework; includeInIndex = 0; path = Pods_PSST_UITests.framework; sourceTree = BUILT_PRODUCTS_DIR; };
		417EC6F9FAAA05B9542C1D20 /* Pods_PSST_.framework */ = {isa = PBXFileReference; explicitFileType = wrapper.framework; includeInIndex = 0; path = Pods_PSST_.framework; sourceTree = BUILT_PRODUCTS_DIR; };
		46949E4F1AB714C9053810B6 /* Pods-PSST!.release.xcconfig */ = {isa = PBXFileReference; includeInIndex = 1; lastKnownFileType = text.xcconfig; name = "Pods-PSST!.release.xcconfig"; path = "Pods/Target Support Files/Pods-PSST!/Pods-PSST!.release.xcconfig"; sourceTree = "<group>"; };
		85271A1FED4FD00DE3450770 /* Pods-PSST!Tests.release.xcconfig */ = {isa = PBXFileReference; includeInIndex = 1; lastKnownFileType = text.xcconfig; name = "Pods-PSST!Tests.release.xcconfig"; path = "Pods/Target Support Files/Pods-PSST!Tests/Pods-PSST!Tests.release.xcconfig"; sourceTree = "<group>"; };
		8D18D4A9FFED935E5A1C63D6 /* Pods-PSST!.debug.xcconfig */ = {isa = PBXFileReference; includeInIndex = 1; lastKnownFileType = text.xcconfig; name = "Pods-PSST!.debug.xcconfig"; path = "Pods/Target Support Files/Pods-PSST!/Pods-PSST!.debug.xcconfig"; sourceTree = "<group>"; };
		93B0EA94658789183D031DF2 /* Pods-PSST!UITests.debug.xcconfig */ = {isa = PBXFileReference; includeInIndex = 1; lastKnownFileType = text.xcconfig; name = "Pods-PSST!UITests.debug.xcconfig"; path = "Pods/Target Support Files/Pods-PSST!UITests/Pods-PSST!UITests.debug.xcconfig"; sourceTree = "<group>"; };
		B278B31601038B58BAF53F4C /* Pods_PSST_Tests.framework */ = {isa = PBXFileReference; explicitFileType = wrapper.framework; includeInIndex = 0; path = Pods_PSST_Tests.framework; sourceTree = BUILT_PRODUCTS_DIR; };
		E9F052B422320BEF00ACC0B3 /* PSST!.app */ = {isa = PBXFileReference; explicitFileType = wrapper.application; includeInIndex = 0; path = "PSST!.app"; sourceTree = BUILT_PRODUCTS_DIR; };
		E9F052B722320BEF00ACC0B3 /* AppDelegate.swift */ = {isa = PBXFileReference; lastKnownFileType = sourcecode.swift; path = AppDelegate.swift; sourceTree = "<group>"; };
		E9F052BC22320BEF00ACC0B3 /* Base */ = {isa = PBXFileReference; lastKnownFileType = file.storyboard; name = Base; path = Base.lproj/Main.storyboard; sourceTree = "<group>"; };
		E9F052BE22320BF000ACC0B3 /* Assets.xcassets */ = {isa = PBXFileReference; lastKnownFileType = folder.assetcatalog; path = Assets.xcassets; sourceTree = "<group>"; };
		E9F052C122320BF000ACC0B3 /* Base */ = {isa = PBXFileReference; lastKnownFileType = file.storyboard; name = Base; path = Base.lproj/LaunchScreen.storyboard; sourceTree = "<group>"; };
		E9F052C322320BF000ACC0B3 /* Info.plist */ = {isa = PBXFileReference; lastKnownFileType = text.plist.xml; path = Info.plist; sourceTree = "<group>"; };
		E9F052C822320BF000ACC0B3 /* PSST!Tests.xctest */ = {isa = PBXFileReference; explicitFileType = wrapper.cfbundle; includeInIndex = 0; path = "PSST!Tests.xctest"; sourceTree = BUILT_PRODUCTS_DIR; };
		E9F052CC22320BF000ACC0B3 /* PSST_Tests.swift */ = {isa = PBXFileReference; lastKnownFileType = sourcecode.swift; path = PSST_Tests.swift; sourceTree = "<group>"; };
		E9F052CE22320BF000ACC0B3 /* Info.plist */ = {isa = PBXFileReference; lastKnownFileType = text.plist.xml; path = Info.plist; sourceTree = "<group>"; };
		E9F052D322320BF000ACC0B3 /* PSST!UITests.xctest */ = {isa = PBXFileReference; explicitFileType = wrapper.cfbundle; includeInIndex = 0; path = "PSST!UITests.xctest"; sourceTree = BUILT_PRODUCTS_DIR; };
		E9F052D722320BF000ACC0B3 /* PSST_UITests.swift */ = {isa = PBXFileReference; lastKnownFileType = sourcecode.swift; path = PSST_UITests.swift; sourceTree = "<group>"; };
		E9F052D922320BF000ACC0B3 /* Info.plist */ = {isa = PBXFileReference; lastKnownFileType = text.plist.xml; path = Info.plist; sourceTree = "<group>"; };
		E9F052E52232112400ACC0B3 /* LoginViewController.swift */ = {isa = PBXFileReference; lastKnownFileType = sourcecode.swift; path = LoginViewController.swift; sourceTree = "<group>"; };
		E9F052E722321B4700ACC0B3 /* FeedViewController.swift */ = {isa = PBXFileReference; lastKnownFileType = sourcecode.swift; path = FeedViewController.swift; sourceTree = "<group>"; };
		E9F052E922322ACB00ACC0B3 /* PostCell.swift */ = {isa = PBXFileReference; lastKnownFileType = sourcecode.swift; path = PostCell.swift; sourceTree = "<group>"; };
		FA051B46C3452719C87C696B /* Pods-PSST!Tests.debug.xcconfig */ = {isa = PBXFileReference; includeInIndex = 1; lastKnownFileType = text.xcconfig; name = "Pods-PSST!Tests.debug.xcconfig"; path = "Pods/Target Support Files/Pods-PSST!Tests/Pods-PSST!Tests.debug.xcconfig"; sourceTree = "<group>"; };
/* End PBXFileReference section */

/* Begin PBXFrameworksBuildPhase section */
		E9F052B122320BEF00ACC0B3 /* Frameworks */ = {
			isa = PBXFrameworksBuildPhase;
			buildActionMask = 2147483647;
			files = (
				7859A7A06B283E105E5B112B /* Pods_PSST_.framework in Frameworks */,
			);
			runOnlyForDeploymentPostprocessing = 0;
		};
		E9F052C522320BF000ACC0B3 /* Frameworks */ = {
			isa = PBXFrameworksBuildPhase;
			buildActionMask = 2147483647;
			files = (
				58D6A8B5E7E54494B03A6FD9 /* Pods_PSST_Tests.framework in Frameworks */,
			);
			runOnlyForDeploymentPostprocessing = 0;
		};
		E9F052D022320BF000ACC0B3 /* Frameworks */ = {
			isa = PBXFrameworksBuildPhase;
			buildActionMask = 2147483647;
			files = (
				FC663B64BB21AB21157E0753 /* Pods_PSST_UITests.framework in Frameworks */,
			);
			runOnlyForDeploymentPostprocessing = 0;
		};
/* End PBXFrameworksBuildPhase section */

/* Begin PBXGroup section */
		57EF556A55F6832DE3BC33B4 /* Pods */ = {
			isa = PBXGroup;
			children = (
				8D18D4A9FFED935E5A1C63D6 /* Pods-PSST!.debug.xcconfig */,
				46949E4F1AB714C9053810B6 /* Pods-PSST!.release.xcconfig */,
				FA051B46C3452719C87C696B /* Pods-PSST!Tests.debug.xcconfig */,
				85271A1FED4FD00DE3450770 /* Pods-PSST!Tests.release.xcconfig */,
				93B0EA94658789183D031DF2 /* Pods-PSST!UITests.debug.xcconfig */,
				13CE2ABFC5C1A403840F9958 /* Pods-PSST!UITests.release.xcconfig */,
			);
			name = Pods;
			sourceTree = "<group>";
		};
		E414F4418CC4717B8E71583E /* Frameworks */ = {
			isa = PBXGroup;
			children = (
				417EC6F9FAAA05B9542C1D20 /* Pods_PSST_.framework */,
				B278B31601038B58BAF53F4C /* Pods_PSST_Tests.framework */,
				1B378F4D2317CA14EAAACDBA /* Pods_PSST_UITests.framework */,
			);
			name = Frameworks;
			sourceTree = "<group>";
		};
		E9F052AB22320BEF00ACC0B3 = {
			isa = PBXGroup;
			children = (
				E9F052B622320BEF00ACC0B3 /* PSST! */,
				E9F052CB22320BF000ACC0B3 /* PSST!Tests */,
				E9F052D622320BF000ACC0B3 /* PSST!UITests */,
				E9F052B522320BEF00ACC0B3 /* Products */,
				57EF556A55F6832DE3BC33B4 /* Pods */,
				E414F4418CC4717B8E71583E /* Frameworks */,
			);
			sourceTree = "<group>";
		};
		E9F052B522320BEF00ACC0B3 /* Products */ = {
			isa = PBXGroup;
			children = (
				E9F052B422320BEF00ACC0B3 /* PSST!.app */,
				E9F052C822320BF000ACC0B3 /* PSST!Tests.xctest */,
				E9F052D322320BF000ACC0B3 /* PSST!UITests.xctest */,
			);
			name = Products;
			sourceTree = "<group>";
		};
		E9F052B622320BEF00ACC0B3 /* PSST! */ = {
			isa = PBXGroup;
			children = (
				E9F052B722320BEF00ACC0B3 /* AppDelegate.swift */,
				E9F052BB22320BEF00ACC0B3 /* Main.storyboard */,
				E9F052BE22320BF000ACC0B3 /* Assets.xcassets */,
				E9F052C022320BF000ACC0B3 /* LaunchScreen.storyboard */,
				E9F052C322320BF000ACC0B3 /* Info.plist */,
				E9F052E52232112400ACC0B3 /* LoginViewController.swift */,
				E9F052E722321B4700ACC0B3 /* FeedViewController.swift */,
				E9F052E922322ACB00ACC0B3 /* PostCell.swift */,
			);
			path = "PSST!";
			sourceTree = "<group>";
		};
		E9F052CB22320BF000ACC0B3 /* PSST!Tests */ = {
			isa = PBXGroup;
			children = (
				E9F052CC22320BF000ACC0B3 /* PSST_Tests.swift */,
				E9F052CE22320BF000ACC0B3 /* Info.plist */,
			);
			path = "PSST!Tests";
			sourceTree = "<group>";
		};
		E9F052D622320BF000ACC0B3 /* PSST!UITests */ = {
			isa = PBXGroup;
			children = (
				E9F052D722320BF000ACC0B3 /* PSST_UITests.swift */,
				E9F052D922320BF000ACC0B3 /* Info.plist */,
			);
			path = "PSST!UITests";
			sourceTree = "<group>";
		};
/* End PBXGroup section */

/* Begin PBXNativeTarget section */
		E9F052B322320BEF00ACC0B3 /* PSST! */ = {
			isa = PBXNativeTarget;
			buildConfigurationList = E9F052DC22320BF000ACC0B3 /* Build configuration list for PBXNativeTarget "PSST!" */;
			buildPhases = (
				5EF9285024D61DD032F7C8B6 /* [CP] Check Pods Manifest.lock */,
				E9F052B022320BEF00ACC0B3 /* Sources */,
				E9F052B122320BEF00ACC0B3 /* Frameworks */,
				E9F052B222320BEF00ACC0B3 /* Resources */,
				1B6C23FF1B654865A330C3A2 /* [CP] Embed Pods Frameworks */,
			);
			buildRules = (
			);
			dependencies = (
			);
			name = "PSST!";
			productName = "PSST!";
			productReference = E9F052B422320BEF00ACC0B3 /* PSST!.app */;
			productType = "com.apple.product-type.application";
		};
		E9F052C722320BF000ACC0B3 /* PSST!Tests */ = {
			isa = PBXNativeTarget;
			buildConfigurationList = E9F052DF22320BF000ACC0B3 /* Build configuration list for PBXNativeTarget "PSST!Tests" */;
			buildPhases = (
				2BF4158EDF6C26C54A597D75 /* [CP] Check Pods Manifest.lock */,
				E9F052C422320BF000ACC0B3 /* Sources */,
				E9F052C522320BF000ACC0B3 /* Frameworks */,
				E9F052C622320BF000ACC0B3 /* Resources */,
			);
			buildRules = (
			);
			dependencies = (
				E9F052CA22320BF000ACC0B3 /* PBXTargetDependency */,
			);
			name = "PSST!Tests";
			productName = "PSST!Tests";
			productReference = E9F052C822320BF000ACC0B3 /* PSST!Tests.xctest */;
			productType = "com.apple.product-type.bundle.unit-test";
		};
		E9F052D222320BF000ACC0B3 /* PSST!UITests */ = {
			isa = PBXNativeTarget;
			buildConfigurationList = E9F052E222320BF000ACC0B3 /* Build configuration list for PBXNativeTarget "PSST!UITests" */;
			buildPhases = (
				F6AE187BAF2E18D1E30FEB49 /* [CP] Check Pods Manifest.lock */,
				E9F052CF22320BF000ACC0B3 /* Sources */,
				E9F052D022320BF000ACC0B3 /* Frameworks */,
				E9F052D122320BF000ACC0B3 /* Resources */,
			);
			buildRules = (
			);
			dependencies = (
				E9F052D522320BF000ACC0B3 /* PBXTargetDependency */,
			);
			name = "PSST!UITests";
			productName = "PSST!UITests";
			productReference = E9F052D322320BF000ACC0B3 /* PSST!UITests.xctest */;
			productType = "com.apple.product-type.bundle.ui-testing";
		};
/* End PBXNativeTarget section */

/* Begin PBXProject section */
		E9F052AC22320BEF00ACC0B3 /* Project object */ = {
			isa = PBXProject;
			attributes = {
				LastSwiftUpdateCheck = 1010;
				LastUpgradeCheck = 1010;
				ORGANIZATIONNAME = "ANDREW STUDENIC";
				TargetAttributes = {
					E9F052B322320BEF00ACC0B3 = {
						CreatedOnToolsVersion = 10.1;
					};
					E9F052C722320BF000ACC0B3 = {
						CreatedOnToolsVersion = 10.1;
						TestTargetID = E9F052B322320BEF00ACC0B3;
					};
					E9F052D222320BF000ACC0B3 = {
						CreatedOnToolsVersion = 10.1;
						TestTargetID = E9F052B322320BEF00ACC0B3;
					};
				};
			};
			buildConfigurationList = E9F052AF22320BEF00ACC0B3 /* Build configuration list for PBXProject "PSST!" */;
			compatibilityVersion = "Xcode 9.3";
			developmentRegion = en;
			hasScannedForEncodings = 0;
			knownRegions = (
				en,
				Base,
			);
			mainGroup = E9F052AB22320BEF00ACC0B3;
			productRefGroup = E9F052B522320BEF00ACC0B3 /* Products */;
			projectDirPath = "";
			projectRoot = "";
			targets = (
				E9F052B322320BEF00ACC0B3 /* PSST! */,
				E9F052C722320BF000ACC0B3 /* PSST!Tests */,
				E9F052D222320BF000ACC0B3 /* PSST!UITests */,
			);
		};
/* End PBXProject section */

/* Begin PBXResourcesBuildPhase section */
		E9F052B222320BEF00ACC0B3 /* Resources */ = {
			isa = PBXResourcesBuildPhase;
			buildActionMask = 2147483647;
			files = (
				E9F052C222320BF000ACC0B3 /* LaunchScreen.storyboard in Resources */,
				E9F052BF22320BF000ACC0B3 /* Assets.xcassets in Resources */,
				E9F052BD22320BEF00ACC0B3 /* Main.storyboard in Resources */,
			);
			runOnlyForDeploymentPostprocessing = 0;
		};
		E9F052C622320BF000ACC0B3 /* Resources */ = {
			isa = PBXResourcesBuildPhase;
			buildActionMask = 2147483647;
			files = (
			);
			runOnlyForDeploymentPostprocessing = 0;
		};
		E9F052D122320BF000ACC0B3 /* Resources */ = {
			isa = PBXResourcesBuildPhase;
			buildActionMask = 2147483647;
			files = (
			);
			runOnlyForDeploymentPostprocessing = 0;
		};
/* End PBXResourcesBuildPhase section */

/* Begin PBXShellScriptBuildPhase section */
		1B6C23FF1B654865A330C3A2 /* [CP] Embed Pods Frameworks */ = {
			isa = PBXShellScriptBuildPhase;
			buildActionMask = 2147483647;
			files = (
			);
			inputFileListPaths = (
			);
			inputPaths = (
				"${SRCROOT}/Pods/Target Support Files/Pods-PSST!/Pods-PSST!-frameworks.sh",
				"${BUILT_PRODUCTS_DIR}/Bolts/Bolts.framework",
				"${BUILT_PRODUCTS_DIR}/Parse/Parse.framework",
			);
			name = "[CP] Embed Pods Frameworks";
			outputFileListPaths = (
			);
			outputPaths = (
				"${TARGET_BUILD_DIR}/${FRAMEWORKS_FOLDER_PATH}/Bolts.framework",
				"${TARGET_BUILD_DIR}/${FRAMEWORKS_FOLDER_PATH}/Parse.framework",
			);
			runOnlyForDeploymentPostprocessing = 0;
			shellPath = /bin/sh;
			shellScript = "\"${SRCROOT}/Pods/Target Support Files/Pods-PSST!/Pods-PSST!-frameworks.sh\"\n";
			showEnvVarsInLog = 0;
		};
		2BF4158EDF6C26C54A597D75 /* [CP] Check Pods Manifest.lock */ = {
			isa = PBXShellScriptBuildPhase;
			buildActionMask = 2147483647;
			files = (
			);
			inputFileListPaths = (
			);
			inputPaths = (
				"${PODS_PODFILE_DIR_PATH}/Podfile.lock",
				"${PODS_ROOT}/Manifest.lock",
			);
			name = "[CP] Check Pods Manifest.lock";
			outputFileListPaths = (
			);
			outputPaths = (
				"$(DERIVED_FILE_DIR)/Pods-PSST!Tests-checkManifestLockResult.txt",
			);
			runOnlyForDeploymentPostprocessing = 0;
			shellPath = /bin/sh;
			shellScript = "diff \"${PODS_PODFILE_DIR_PATH}/Podfile.lock\" \"${PODS_ROOT}/Manifest.lock\" > /dev/null\nif [ $? != 0 ] ; then\n    # print error to STDERR\n    echo \"error: The sandbox is not in sync with the Podfile.lock. Run 'pod install' or update your CocoaPods installation.\" >&2\n    exit 1\nfi\n# This output is used by Xcode 'outputs' to avoid re-running this script phase.\necho \"SUCCESS\" > \"${SCRIPT_OUTPUT_FILE_0}\"\n";
			showEnvVarsInLog = 0;
		};
		5EF9285024D61DD032F7C8B6 /* [CP] Check Pods Manifest.lock */ = {
			isa = PBXShellScriptBuildPhase;
			buildActionMask = 2147483647;
			files = (
			);
			inputFileListPaths = (
			);
			inputPaths = (
				"${PODS_PODFILE_DIR_PATH}/Podfile.lock",
				"${PODS_ROOT}/Manifest.lock",
			);
			name = "[CP] Check Pods Manifest.lock";
			outputFileListPaths = (
			);
			outputPaths = (
				"$(DERIVED_FILE_DIR)/Pods-PSST!-checkManifestLockResult.txt",
			);
			runOnlyForDeploymentPostprocessing = 0;
			shellPath = /bin/sh;
			shellScript = "diff \"${PODS_PODFILE_DIR_PATH}/Podfile.lock\" \"${PODS_ROOT}/Manifest.lock\" > /dev/null\nif [ $? != 0 ] ; then\n    # print error to STDERR\n    echo \"error: The sandbox is not in sync with the Podfile.lock. Run 'pod install' or update your CocoaPods installation.\" >&2\n    exit 1\nfi\n# This output is used by Xcode 'outputs' to avoid re-running this script phase.\necho \"SUCCESS\" > \"${SCRIPT_OUTPUT_FILE_0}\"\n";
			showEnvVarsInLog = 0;
		};
		F6AE187BAF2E18D1E30FEB49 /* [CP] Check Pods Manifest.lock */ = {
			isa = PBXShellScriptBuildPhase;
			buildActionMask = 2147483647;
			files = (
			);
			inputFileListPaths = (
			);
			inputPaths = (
				"${PODS_PODFILE_DIR_PATH}/Podfile.lock",
				"${PODS_ROOT}/Manifest.lock",
			);
			name = "[CP] Check Pods Manifest.lock";
			outputFileListPaths = (
			);
			outputPaths = (
				"$(DERIVED_FILE_DIR)/Pods-PSST!UITests-checkManifestLockResult.txt",
			);
			runOnlyForDeploymentPostprocessing = 0;
			shellPath = /bin/sh;
			shellScript = "diff \"${PODS_PODFILE_DIR_PATH}/Podfile.lock\" \"${PODS_ROOT}/Manifest.lock\" > /dev/null\nif [ $? != 0 ] ; then\n    # print error to STDERR\n    echo \"error: The sandbox is not in sync with the Podfile.lock. Run 'pod install' or update your CocoaPods installation.\" >&2\n    exit 1\nfi\n# This output is used by Xcode 'outputs' to avoid re-running this script phase.\necho \"SUCCESS\" > \"${SCRIPT_OUTPUT_FILE_0}\"\n";
			showEnvVarsInLog = 0;
		};
/* End PBXShellScriptBuildPhase section */

/* Begin PBXSourcesBuildPhase section */
		E9F052B022320BEF00ACC0B3 /* Sources */ = {
			isa = PBXSourcesBuildPhase;
			buildActionMask = 2147483647;
			files = (
				E9F052E62232112400ACC0B3 /* LoginViewController.swift in Sources */,
				E9F052E822321B4700ACC0B3 /* FeedViewController.swift in Sources */,
				E9F052B822320BEF00ACC0B3 /* AppDelegate.swift in Sources */,
				E9F052EA22322ACB00ACC0B3 /* PostCell.swift in Sources */,
			);
			runOnlyForDeploymentPostprocessing = 0;
		};
		E9F052C422320BF000ACC0B3 /* Sources */ = {
			isa = PBXSourcesBuildPhase;
			buildActionMask = 2147483647;
			files = (
				E9F052CD22320BF000ACC0B3 /* PSST_Tests.swift in Sources */,
			);
			runOnlyForDeploymentPostprocessing = 0;
		};
		E9F052CF22320BF000ACC0B3 /* Sources */ = {
			isa = PBXSourcesBuildPhase;
			buildActionMask = 2147483647;
			files = (
				E9F052D822320BF000ACC0B3 /* PSST_UITests.swift in Sources */,
			);
			runOnlyForDeploymentPostprocessing = 0;
		};
/* End PBXSourcesBuildPhase section */

/* Begin PBXTargetDependency section */
		E9F052CA22320BF000ACC0B3 /* PBXTargetDependency */ = {
			isa = PBXTargetDependency;
			target = E9F052B322320BEF00ACC0B3 /* PSST! */;
			targetProxy = E9F052C922320BF000ACC0B3 /* PBXContainerItemProxy */;
		};
		E9F052D522320BF000ACC0B3 /* PBXTargetDependency */ = {
			isa = PBXTargetDependency;
			target = E9F052B322320BEF00ACC0B3 /* PSST! */;
			targetProxy = E9F052D422320BF000ACC0B3 /* PBXContainerItemProxy */;
		};
/* End PBXTargetDependency section */

/* Begin PBXVariantGroup section */
		E9F052BB22320BEF00ACC0B3 /* Main.storyboard */ = {
			isa = PBXVariantGroup;
			children = (
				E9F052BC22320BEF00ACC0B3 /* Base */,
			);
			name = Main.storyboard;
			sourceTree = "<group>";
		};
		E9F052C022320BF000ACC0B3 /* LaunchScreen.storyboard */ = {
			isa = PBXVariantGroup;
			children = (
				E9F052C122320BF000ACC0B3 /* Base */,
			);
			name = LaunchScreen.storyboard;
			sourceTree = "<group>";
		};
/* End PBXVariantGroup section */

/* Begin XCBuildConfiguration section */
		E9F052DA22320BF000ACC0B3 /* Debug */ = {
			isa = XCBuildConfiguration;
			buildSettings = {
				ALWAYS_SEARCH_USER_PATHS = NO;
				CLANG_ANALYZER_NONNULL = YES;
				CLANG_ANALYZER_NUMBER_OBJECT_CONVERSION = YES_AGGRESSIVE;
				CLANG_CXX_LANGUAGE_STANDARD = "gnu++14";
				CLANG_CXX_LIBRARY = "libc++";
				CLANG_ENABLE_MODULES = YES;
				CLANG_ENABLE_OBJC_ARC = YES;
				CLANG_ENABLE_OBJC_WEAK = YES;
				CLANG_WARN_BLOCK_CAPTURE_AUTORELEASING = YES;
				CLANG_WARN_BOOL_CONVERSION = YES;
				CLANG_WARN_COMMA = YES;
				CLANG_WARN_CONSTANT_CONVERSION = YES;
				CLANG_WARN_DEPRECATED_OBJC_IMPLEMENTATIONS = YES;
				CLANG_WARN_DIRECT_OBJC_ISA_USAGE = YES_ERROR;
				CLANG_WARN_DOCUMENTATION_COMMENTS = YES;
				CLANG_WARN_EMPTY_BODY = YES;
				CLANG_WARN_ENUM_CONVERSION = YES;
				CLANG_WARN_INFINITE_RECURSION = YES;
				CLANG_WARN_INT_CONVERSION = YES;
				CLANG_WARN_NON_LITERAL_NULL_CONVERSION = YES;
				CLANG_WARN_OBJC_IMPLICIT_RETAIN_SELF = YES;
				CLANG_WARN_OBJC_LITERAL_CONVERSION = YES;
				CLANG_WARN_OBJC_ROOT_CLASS = YES_ERROR;
				CLANG_WARN_RANGE_LOOP_ANALYSIS = YES;
				CLANG_WARN_STRICT_PROTOTYPES = YES;
				CLANG_WARN_SUSPICIOUS_MOVE = YES;
				CLANG_WARN_UNGUARDED_AVAILABILITY = YES_AGGRESSIVE;
				CLANG_WARN_UNREACHABLE_CODE = YES;
				CLANG_WARN__DUPLICATE_METHOD_MATCH = YES;
				CODE_SIGN_IDENTITY = "iPhone Developer";
				COPY_PHASE_STRIP = NO;
				DEBUG_INFORMATION_FORMAT = dwarf;
				ENABLE_STRICT_OBJC_MSGSEND = YES;
				ENABLE_TESTABILITY = YES;
				GCC_C_LANGUAGE_STANDARD = gnu11;
				GCC_DYNAMIC_NO_PIC = NO;
				GCC_NO_COMMON_BLOCKS = YES;
				GCC_OPTIMIZATION_LEVEL = 0;
				GCC_PREPROCESSOR_DEFINITIONS = (
					"DEBUG=1",
					"$(inherited)",
				);
				GCC_WARN_64_TO_32_BIT_CONVERSION = YES;
				GCC_WARN_ABOUT_RETURN_TYPE = YES_ERROR;
				GCC_WARN_UNDECLARED_SELECTOR = YES;
				GCC_WARN_UNINITIALIZED_AUTOS = YES_AGGRESSIVE;
				GCC_WARN_UNUSED_FUNCTION = YES;
				GCC_WARN_UNUSED_VARIABLE = YES;
				IPHONEOS_DEPLOYMENT_TARGET = 12.1;
				MTL_ENABLE_DEBUG_INFO = INCLUDE_SOURCE;
				MTL_FAST_MATH = YES;
				ONLY_ACTIVE_ARCH = YES;
				SDKROOT = iphoneos;
				SWIFT_ACTIVE_COMPILATION_CONDITIONS = DEBUG;
				SWIFT_OPTIMIZATION_LEVEL = "-Onone";
			};
			name = Debug;
		};
		E9F052DB22320BF000ACC0B3 /* Release */ = {
			isa = XCBuildConfiguration;
			buildSettings = {
				ALWAYS_SEARCH_USER_PATHS = NO;
				CLANG_ANALYZER_NONNULL = YES;
				CLANG_ANALYZER_NUMBER_OBJECT_CONVERSION = YES_AGGRESSIVE;
				CLANG_CXX_LANGUAGE_STANDARD = "gnu++14";
				CLANG_CXX_LIBRARY = "libc++";
				CLANG_ENABLE_MODULES = YES;
				CLANG_ENABLE_OBJC_ARC = YES;
				CLANG_ENABLE_OBJC_WEAK = YES;
				CLANG_WARN_BLOCK_CAPTURE_AUTORELEASING = YES;
				CLANG_WARN_BOOL_CONVERSION = YES;
				CLANG_WARN_COMMA = YES;
				CLANG_WARN_CONSTANT_CONVERSION = YES;
				CLANG_WARN_DEPRECATED_OBJC_IMPLEMENTATIONS = YES;
				CLANG_WARN_DIRECT_OBJC_ISA_USAGE = YES_ERROR;
				CLANG_WARN_DOCUMENTATION_COMMENTS = YES;
				CLANG_WARN_EMPTY_BODY = YES;
				CLANG_WARN_ENUM_CONVERSION = YES;
				CLANG_WARN_INFINITE_RECURSION = YES;
				CLANG_WARN_INT_CONVERSION = YES;
				CLANG_WARN_NON_LITERAL_NULL_CONVERSION = YES;
				CLANG_WARN_OBJC_IMPLICIT_RETAIN_SELF = YES;
				CLANG_WARN_OBJC_LITERAL_CONVERSION = YES;
				CLANG_WARN_OBJC_ROOT_CLASS = YES_ERROR;
				CLANG_WARN_RANGE_LOOP_ANALYSIS = YES;
				CLANG_WARN_STRICT_PROTOTYPES = YES;
				CLANG_WARN_SUSPICIOUS_MOVE = YES;
				CLANG_WARN_UNGUARDED_AVAILABILITY = YES_AGGRESSIVE;
				CLANG_WARN_UNREACHABLE_CODE = YES;
				CLANG_WARN__DUPLICATE_METHOD_MATCH = YES;
				CODE_SIGN_IDENTITY = "iPhone Developer";
				COPY_PHASE_STRIP = NO;
				DEBUG_INFORMATION_FORMAT = "dwarf-with-dsym";
				ENABLE_NS_ASSERTIONS = NO;
				ENABLE_STRICT_OBJC_MSGSEND = YES;
				GCC_C_LANGUAGE_STANDARD = gnu11;
				GCC_NO_COMMON_BLOCKS = YES;
				GCC_WARN_64_TO_32_BIT_CONVERSION = YES;
				GCC_WARN_ABOUT_RETURN_TYPE = YES_ERROR;
				GCC_WARN_UNDECLARED_SELECTOR = YES;
				GCC_WARN_UNINITIALIZED_AUTOS = YES_AGGRESSIVE;
				GCC_WARN_UNUSED_FUNCTION = YES;
				GCC_WARN_UNUSED_VARIABLE = YES;
				IPHONEOS_DEPLOYMENT_TARGET = 12.1;
				MTL_ENABLE_DEBUG_INFO = NO;
				MTL_FAST_MATH = YES;
				SDKROOT = iphoneos;
				SWIFT_COMPILATION_MODE = wholemodule;
				SWIFT_OPTIMIZATION_LEVEL = "-O";
				VALIDATE_PRODUCT = YES;
			};
			name = Release;
		};
		E9F052DD22320BF000ACC0B3 /* Debug */ = {
			isa = XCBuildConfiguration;
			baseConfigurationReference = 8D18D4A9FFED935E5A1C63D6 /* Pods-PSST!.debug.xcconfig */;
			buildSettings = {
				ASSETCATALOG_COMPILER_APPICON_NAME = AppIcon;
				CODE_SIGN_STYLE = Automatic;
				INFOPLIST_FILE = "PSST!/Info.plist";
				LD_RUNPATH_SEARCH_PATHS = (
					"$(inherited)",
					"@executable_path/Frameworks",
				);
				PRODUCT_BUNDLE_IDENTIFIER = "csn.PSST-";
				PRODUCT_NAME = "$(TARGET_NAME)";
				SWIFT_VERSION = 4.2;
				TARGETED_DEVICE_FAMILY = "1,2";
			};
			name = Debug;
		};
		E9F052DE22320BF000ACC0B3 /* Release */ = {
			isa = XCBuildConfiguration;
			baseConfigurationReference = 46949E4F1AB714C9053810B6 /* Pods-PSST!.release.xcconfig */;
			buildSettings = {
				ASSETCATALOG_COMPILER_APPICON_NAME = AppIcon;
				CODE_SIGN_STYLE = Automatic;
				INFOPLIST_FILE = "PSST!/Info.plist";
				LD_RUNPATH_SEARCH_PATHS = (
					"$(inherited)",
					"@executable_path/Frameworks",
				);
				PRODUCT_BUNDLE_IDENTIFIER = "csn.PSST-";
				PRODUCT_NAME = "$(TARGET_NAME)";
				SWIFT_VERSION = 4.2;
				TARGETED_DEVICE_FAMILY = "1,2";
			};
			name = Release;
		};
		E9F052E022320BF000ACC0B3 /* Debug */ = {
			isa = XCBuildConfiguration;
			baseConfigurationReference = FA051B46C3452719C87C696B /* Pods-PSST!Tests.debug.xcconfig */;
			buildSettings = {
				ALWAYS_EMBED_SWIFT_STANDARD_LIBRARIES = YES;
				BUNDLE_LOADER = "$(TEST_HOST)";
				CODE_SIGN_STYLE = Automatic;
				INFOPLIST_FILE = "PSST!Tests/Info.plist";
				LD_RUNPATH_SEARCH_PATHS = (
					"$(inherited)",
					"@executable_path/Frameworks",
					"@loader_path/Frameworks",
				);
				PRODUCT_BUNDLE_IDENTIFIER = "csn.PSST-Tests";
				PRODUCT_NAME = "$(TARGET_NAME)";
				SWIFT_VERSION = 4.2;
				TARGETED_DEVICE_FAMILY = "1,2";
				TEST_HOST = "$(BUILT_PRODUCTS_DIR)/PSST!.app/PSST!";
			};
			name = Debug;
		};
		E9F052E122320BF000ACC0B3 /* Release */ = {
			isa = XCBuildConfiguration;
			baseConfigurationReference = 85271A1FED4FD00DE3450770 /* Pods-PSST!Tests.release.xcconfig */;
			buildSettings = {
				ALWAYS_EMBED_SWIFT_STANDARD_LIBRARIES = YES;
				BUNDLE_LOADER = "$(TEST_HOST)";
				CODE_SIGN_STYLE = Automatic;
				INFOPLIST_FILE = "PSST!Tests/Info.plist";
				LD_RUNPATH_SEARCH_PATHS = (
					"$(inherited)",
					"@executable_path/Frameworks",
					"@loader_path/Frameworks",
				);
				PRODUCT_BUNDLE_IDENTIFIER = "csn.PSST-Tests";
				PRODUCT_NAME = "$(TARGET_NAME)";
				SWIFT_VERSION = 4.2;
				TARGETED_DEVICE_FAMILY = "1,2";
				TEST_HOST = "$(BUILT_PRODUCTS_DIR)/PSST!.app/PSST!";
			};
			name = Release;
		};
		E9F052E322320BF000ACC0B3 /* Debug */ = {
			isa = XCBuildConfiguration;
			baseConfigurationReference = 93B0EA94658789183D031DF2 /* Pods-PSST!UITests.debug.xcconfig */;
			buildSettings = {
				ALWAYS_EMBED_SWIFT_STANDARD_LIBRARIES = YES;
				CODE_SIGN_STYLE = Automatic;
				INFOPLIST_FILE = "PSST!UITests/Info.plist";
				LD_RUNPATH_SEARCH_PATHS = (
					"$(inherited)",
					"@executable_path/Frameworks",
					"@loader_path/Frameworks",
				);
				PRODUCT_BUNDLE_IDENTIFIER = "csn.PSST-UITests";
				PRODUCT_NAME = "$(TARGET_NAME)";
				SWIFT_VERSION = 4.2;
				TARGETED_DEVICE_FAMILY = "1,2";
				TEST_TARGET_NAME = "PSST!";
			};
			name = Debug;
		};
		E9F052E422320BF000ACC0B3 /* Release */ = {
			isa = XCBuildConfiguration;
			baseConfigurationReference = 13CE2ABFC5C1A403840F9958 /* Pods-PSST!UITests.release.xcconfig */;
			buildSettings = {
				ALWAYS_EMBED_SWIFT_STANDARD_LIBRARIES = YES;
				CODE_SIGN_STYLE = Automatic;
				INFOPLIST_FILE = "PSST!UITests/Info.plist";
				LD_RUNPATH_SEARCH_PATHS = (
					"$(inherited)",
					"@executable_path/Frameworks",
					"@loader_path/Frameworks",
				);
				PRODUCT_BUNDLE_IDENTIFIER = "csn.PSST-UITests";
				PRODUCT_NAME = "$(TARGET_NAME)";
				SWIFT_VERSION = 4.2;
				TARGETED_DEVICE_FAMILY = "1,2";
				TEST_TARGET_NAME = "PSST!";
			};
			name = Release;
		};
/* End XCBuildConfiguration section */

/* Begin XCConfigurationList section */
		E9F052AF22320BEF00ACC0B3 /* Build configuration list for PBXProject "PSST!" */ = {
			isa = XCConfigurationList;
			buildConfigurations = (
				E9F052DA22320BF000ACC0B3 /* Debug */,
				E9F052DB22320BF000ACC0B3 /* Release */,
			);
			defaultConfigurationIsVisible = 0;
			defaultConfigurationName = Release;
		};
		E9F052DC22320BF000ACC0B3 /* Build configuration list for PBXNativeTarget "PSST!" */ = {
			isa = XCConfigurationList;
			buildConfigurations = (
				E9F052DD22320BF000ACC0B3 /* Debug */,
				E9F052DE22320BF000ACC0B3 /* Release */,
			);
			defaultConfigurationIsVisible = 0;
			defaultConfigurationName = Release;
		};
		E9F052DF22320BF000ACC0B3 /* Build configuration list for PBXNativeTarget "PSST!Tests" */ = {
			isa = XCConfigurationList;
			buildConfigurations = (
				E9F052E022320BF000ACC0B3 /* Debug */,
				E9F052E122320BF000ACC0B3 /* Release */,
			);
			defaultConfigurationIsVisible = 0;
			defaultConfigurationName = Release;
		};
		E9F052E222320BF000ACC0B3 /* Build configuration list for PBXNativeTarget "PSST!UITests" */ = {
			isa = XCConfigurationList;
			buildConfigurations = (
				E9F052E322320BF000ACC0B3 /* Debug */,
				E9F052E422320BF000ACC0B3 /* Release */,
			);
			defaultConfigurationIsVisible = 0;
			defaultConfigurationName = Release;
		};
/* End XCConfigurationList section */
	};
	rootObject = E9F052AC22320BEF00ACC0B3 /* Project object */;
}
